{
  "requires": true,
  "lockfileVersion": 1,
  "dependencies": {
    "jquery": {
      "version": "3.4.1",
      "resolved": "https://registry.npmjs.org/jquery/-/jquery-3.4.1.tgz",
      "integrity": "sha512-36+AdBzCL+y6qjw5Tx7HgzeGCzC81MDDgaUP8ld2zhx58HdqXGoBd+tHdrBMiyjGQs0Hxs/MLZTu/eHNJJuWPw=="
    },
    "simplelightbox": {
      "version": "1.17.1",
      "resolved": "https://registry.npmjs.org/simplelightbox/-/simplelightbox-1.17.1.tgz",
      "integrity": "sha512-Cfc1B2kRqA0xJlN+erq7RIZVQv05VA45eQltp8uwKvtM+1Dv4h6xmDSkozHcEwnlQ7xEJLAzWdJ3RGZVq5fgnQ==",
      "requires": {
        "jquery": ">=1.7.0"
      }
    }
  }
}
